
Microsoft Visual Studio Solution File, Format Version 12.00
# Visual Studio 14
VisualStudioVersion = 14.0.24720.0
MinimumVisualStudioVersion = 10.0.40219.1
Project("{FAE04EC0-301F-11D3-BF4B-00C04F79EFBC}") = "LandingCustomDirectory", "LandingCustomDirectory\LandingCustomDirectory.csproj", "{5783D4D9-E74B-40DD-8197-896492CD8C2B}"
EndProject
Global
	GlobalSection(SolutionConfigurationPlatforms) = preSolution
		Argentina|Any CPU = Argentina|Any CPU
		ConoSur|Any CPU = ConoSur|Any CPU
		Debug|Any CPU = Debug|Any CPU
		Release|Any CPU = Release|Any CPU
	EndGlobalSection
	GlobalSection(ProjectConfigurationPlatforms) = postSolution
		{5783D4D9-E74B-40DD-8197-896492CD8C2B}.Argentina|Any CPU.ActiveCfg = Argentina|Any CPU
		{5783D4D9-E74B-40DD-8197-896492CD8C2B}.Argentina|Any CPU.Build.0 = Argentina|Any CPU
		{5783D4D9-E74B-40DD-8197-896492CD8C2B}.ConoSur|Any CPU.ActiveCfg = ConoSur|Any CPU
		{5783D4D9-E74B-40DD-8197-896492CD8C2B}.ConoSur|Any CPU.Build.0 = ConoSur|Any CPU
		{5783D4D9-E74B-40DD-8197-896492CD8C2B}.Debug|Any CPU.ActiveCfg = Debug|Any CPU
		{5783D4D9-E74B-40DD-8197-896492CD8C2B}.Debug|Any CPU.Build.0 = Debug|Any CPU
		{5783D4D9-E74B-40DD-8197-896492CD8C2B}.Release|Any CPU.ActiveCfg = Release|Any CPU
		{5783D4D9-E74B-40DD-8197-896492CD8C2B}.Release|Any CPU.Build.0 = Release|Any CPU
	EndGlobalSection
	GlobalSection(SolutionProperties) = preSolution
		HideSolutionNode = FALSE
	EndGlobalSection
EndGlobal
